// !$*UTF8*$!
{
	archiveVersion = 1;
	classes = {
	};
	objectVersion = 56;
	objects = {

/* Begin PBXBuildFile section */
		0DB396C52B80007900F5A274 /* swiftLearningApp.swift in Sources */ = {isa = PBXBuildFile; fileRef = 0DB396C42B80007900F5A274 /* swiftLearningApp.swift */; };
		0DB396C72B80007900F5A274 /* ContentView.swift in Sources */ = {isa = PBXBuildFile; fileRef = 0DB396C62B80007900F5A274 /* ContentView.swift */; };
		0DB396C92B80007B00F5A274 /* Assets.xcassets in Resources */ = {isa = PBXBuildFile; fileRef = 0DB396C82B80007B00F5A274 /* Assets.xcassets */; };
		0DB396CC2B80007B00F5A274 /* Preview Assets.xcassets in Resources */ = {isa = PBXBuildFile; fileRef = 0DB396CB2B80007B00F5A274 /* Preview Assets.xcassets */; };
		0DB396D62B80007B00F5A274 /* swiftLearningTests.swift in Sources */ = {isa = PBXBuildFile; fileRef = 0DB396D52B80007B00F5A274 /* swiftLearningTests.swift */; };
		0DB396E02B80007B00F5A274 /* swiftLearningUITests.swift in Sources */ = {isa = PBXBuildFile; fileRef = 0DB396DF2B80007B00F5A274 /* swiftLearningUITests.swift */; };
		0DB396E22B80007B00F5A274 /* swiftLearningUITestsLaunchTests.swift in Sources */ = {isa = PBXBuildFile; fileRef = 0DB396E12B80007B00F5A274 /* swiftLearningUITestsLaunchTests.swift */; };
/* End PBXBuildFile section */

/* Begin PBXContainerItemProxy section */
		0DB396D22B80007B00F5A274 /* PBXContainerItemProxy */ = {
			isa = PBXContainerItemProxy;
			containerPortal = 0DB396B92B80007900F5A274 /* Project object */;
			proxyType = 1;
			remoteGlobalIDString = 0DB396C02B80007900F5A274;
			remoteInfo = swiftLearning;
		};
		0DB396DC2B80007B00F5A274 /* PBXContainerItemProxy */ = {
			isa = PBXContainerItemProxy;
			containerPortal = 0DB396B92B80007900F5A274 /* Project object */;
			proxyType = 1;
			remoteGlobalIDString = 0DB396C02B80007900F5A274;
			remoteInfo = swiftLearning;
		};
/* End PBXContainerItemProxy section */

/* Begin PBXFileReference section */
		0DB396C12B80007900F5A274 /* swiftLearning.app */ = {isa = PBXFileReference; explicitFileType = wrapper.application; includeInIndex = 0; path = swiftLearning.app; sourceTree = BUILT_PRODUCTS_DIR; };
		0DB396C42B80007900F5A274 /* swiftLearningApp.swift */ = {isa = PBXFileReference; lastKnownFileType = sourcecode.swift; path = swiftLearningApp.swift; sourceTree = "<group>"; };
		0DB396C62B80007900F5A274 /* ContentView.swift */ = {isa = PBXFileReference; lastKnownFileType = sourcecode.swift; path = ContentView.swift; sourceTree = "<group>"; };
		0DB396C82B80007B00F5A274 /* Assets.xcassets */ = {isa = PBXFileReference; lastKnownFileType = folder.assetcatalog; path = Assets.xcassets; sourceTree = "<group>"; };
		0DB396CB2B80007B00F5A274 /* Preview Assets.xcassets */ = {isa = PBXFileReference; lastKnownFileType = folder.assetcatalog; path = "Preview Assets.xcassets"; sourceTree = "<group>"; };
		0DB396D12B80007B00F5A274 /* swiftLearningTests.xctest */ = {isa = PBXFileReference; explicitFileType = wrapper.cfbundle; includeInIndex = 0; path = swiftLearningTests.xctest; sourceTree = BUILT_PRODUCTS_DIR; };
		0DB396D52B80007B00F5A274 /* swiftLearningTests.swift */ = {isa = PBXFileReference; lastKnownFileType = sourcecode.swift; path = swiftLearningTests.swift; sourceTree = "<group>"; };
		0DB396DB2B80007B00F5A274 /* swiftLearningUITests.xctest */ = {isa = PBXFileReference; explicitFileType = wrapper.cfbundle; includeInIndex = 0; path = swiftLearningUITests.xctest; sourceTree = BUILT_PRODUCTS_DIR; };
		0DB396DF2B80007B00F5A274 /* swiftLearningUITests.swift */ = {isa = PBXFileReference; lastKnownFileType = sourcecode.swift; path = swiftLearningUITests.swift; sourceTree = "<group>"; };
		0DB396E12B80007B00F5A274 /* swiftLearningUITestsLaunchTests.swift */ = {isa = PBXFileReference; lastKnownFileType = sourcecode.swift; path = swiftLearningUITestsLaunchTests.swift; sourceTree = "<group>"; };
/* End PBXFileReference section */

/* Begin PBXFrameworksBuildPhase section */
		0DB396BE2B80007900F5A274 /* Frameworks */ = {
			isa = PBXFrameworksBuildPhase;
			buildActionMask = 2147483647;
			files = (
			);
			runOnlyForDeploymentPostprocessing = 0;
		};
		0DB396CE2B80007B00F5A274 /* Frameworks */ = {
			isa = PBXFrameworksBuildPhase;
			buildActionMask = 2147483647;
			files = (
			);
			runOnlyForDeploymentPostprocessing = 0;
		};
		0DB396D82B80007B00F5A274 /* Frameworks */ = {
			isa = PBXFrameworksBuildPhase;
			buildActionMask = 2147483647;
			files = (
			);
			runOnlyForDeploymentPostprocessing = 0;
		};
/* End PBXFrameworksBuildPhase section */

/* Begin PBXGroup section */
		0DB396B82B80007900F5A274 = {
			isa = PBXGroup;
			children = (
				0DB396C32B80007900F5A274 /* swiftLearning */,
				0DB396D42B80007B00F5A274 /* swiftLearningTests */,
				0DB396DE2B80007B00F5A274 /* swiftLearningUITests */,
				0DB396C22B80007900F5A274 /* Products */,
			);
			sourceTree = "<group>";
		};
		0DB396C22B80007900F5A274 /* Products */ = {
			isa = PBXGroup;
			children = (
				0DB396C12B80007900F5A274 /* swiftLearning.app */,
				0DB396D12B80007B00F5A274 /* swiftLearningTests.xctest */,
				0DB396DB2B80007B00F5A274 /* swiftLearningUITests.xctest */,
			);
			name = Products;
			sourceTree = "<group>";
		};
		0DB396C32B80007900F5A274 /* swiftLearning */ = {
			isa = PBXGroup;
			children = (
				0DB396C42B80007900F5A274 /* swiftLearningApp.swift */,
				0DB396C62B80007900F5A274 /* ContentView.swift */,
				0DB396C82B80007B00F5A274 /* Assets.xcassets */,
				0DB396CA2B80007B00F5A274 /* Preview Content */,
			);
			path = swiftLearning;
			sourceTree = "<group>";
		};
		0DB396CA2B80007B00F5A274 /* Preview Content */ = {
			isa = PBXGroup;
			children = (
				0DB396CB2B80007B00F5A274 /* Preview Assets.xcassets */,
			);
			path = "Preview Content";
			sourceTree = "<group>";
		};
		0DB396D42B80007B00F5A274 /* swiftLearningTests */ = {
			isa = PBXGroup;
			children = (
				0DB396D52B80007B00F5A274 /* swiftLearningTests.swift */,
			);
			path = swiftLearningTests;
			sourceTree = "<group>";
		};
		0DB396DE2B80007B00F5A274 /* swiftLearningUITests */ = {
			isa = PBXGroup;
			children = (
				0DB396DF2B80007B00F5A274 /* swiftLearningUITests.swift */,
				0DB396E12B80007B00F5A274 /* swiftLearningUITestsLaunchTests.swift */,
			);
			path = swiftLearningUITests;
			sourceTree = "<group>";
		};
/* End PBXGroup section */

/* Begin PBXNativeTarget section */
		0DB396C02B80007900F5A274 /* swiftLearning */ = {
			isa = PBXNativeTarget;
			buildConfigurationList = 0DB396E52B80007B00F5A274 /* Build configuration list for PBXNativeTarget "swiftLearning" */;
			buildPhases = (
				0DB396BD2B80007900F5A274 /* Sources */,
				0DB396BE2B80007900F5A274 /* Frameworks */,
				0DB396BF2B80007900F5A274 /* Resources */,
			);
			buildRules = (
			);
			dependencies = (
			);
			name = swiftLearning;
			productName = swiftLearning;
			productReference = 0DB396C12B80007900F5A274 /* swiftLearning.app */;
			productType = "com.apple.product-type.application";
		};
		0DB396D02B80007B00F5A274 /* swiftLearningTests */ = {
			isa = PBXNativeTarget;
			buildConfigurationList = 0DB396E82B80007B00F5A274 /* Build configuration list for PBXNativeTarget "swiftLearningTests" */;
			buildPhases = (
				0DB396CD2B80007B00F5A274 /* Sources */,
				0DB396CE2B80007B00F5A274 /* Frameworks */,
				0DB396CF2B80007B00F5A274 /* Resources */,
			);
			buildRules = (
			);
			dependencies = (
				0DB396D32B80007B00F5A274 /* PBXTargetDependency */,
			);
			name = swiftLearningTests;
			productName = swiftLearningTests;
			productReference = 0DB396D12B80007B00F5A274 /* swiftLearningTests.xctest */;
			productType = "com.apple.product-type.bundle.unit-test";
		};
		0DB396DA2B80007B00F5A274 /* swiftLearningUITests */ = {
			isa = PBXNativeTarget;
			buildConfigurationList = 0DB396EB2B80007B00F5A274 /* Build configuration list for PBXNativeTarget "swiftLearningUITests" */;
			buildPhases = (
				0DB396D72B80007B00F5A274 /* Sources */,
				0DB396D82B80007B00F5A274 /* Frameworks */,
				0DB396D92B80007B00F5A274 /* Resources */,
			);
			buildRules = (
			);
			dependencies = (
				0DB396DD2B80007B00F5A274 /* PBXTargetDependency */,
			);
			name = swiftLearningUITests;
			productName = swiftLearningUITests;
			productReference = 0DB396DB2B80007B00F5A274 /* swiftLearningUITests.xctest */;
			productType = "com.apple.product-type.bundle.ui-testing";
		};
/* End PBXNativeTarget section */

/* Begin PBXProject section */
		0DB396B92B80007900F5A274 /* Project object */ = {
			isa = PBXProject;
			attributes = {
				BuildIndependentTargetsInParallel = 1;
				LastSwiftUpdateCheck = 1520;
				LastUpgradeCheck = 1520;
				TargetAttributes = {
					0DB396C02B80007900F5A274 = {
						CreatedOnToolsVersion = 15.2;
					};
					0DB396D02B80007B00F5A274 = {
						CreatedOnToolsVersion = 15.2;
						TestTargetID = 0DB396C02B80007900F5A274;
					};
					0DB396DA2B80007B00F5A274 = {
						CreatedOnToolsVersion = 15.2;
						TestTargetID = 0DB396C02B80007900F5A274;
					};
				};
			};
			buildConfigurationList = 0DB396BC2B80007900F5A274 /* Build configuration list for PBXProject "swiftLearning" */;
			compatibilityVersion = "Xcode 14.0";
			developmentRegion = en;
			hasScannedForEncodings = 0;
			knownRegions = (
				en,
				Base,
			);
			mainGroup = 0DB396B82B80007900F5A274;
			productRefGroup = 0DB396C22B80007900F5A274 /* Products */;
			projectDirPath = "";
			projectRoot = "";
			targets = (
				0DB396C02B80007900F5A274 /* swiftLearning */,
				0DB396D02B80007B00F5A274 /* swiftLearningTests */,
				0DB396DA2B80007B00F5A274 /* swiftLearningUITests */,
			);
		};
/* End PBXProject section */

/* Begin PBXResourcesBuildPhase section */
		0DB396BF2B80007900F5A274 /* Resources */ = {
			isa = PBXResourcesBuildPhase;
			buildActionMask = 2147483647;
			files = (
				0DB396CC2B80007B00F5A274 /* Preview Assets.xcassets in Resources */,
				0DB396C92B80007B00F5A274 /* Assets.xcassets in Resources */,
			);
			runOnlyForDeploymentPostprocessing = 0;
		};
		0DB396CF2B80007B00F5A274 /* Resources */ = {
			isa = PBXResourcesBuildPhase;
			buildActionMask = 2147483647;
			files = (
			);
			runOnlyForDeploymentPostprocessing = 0;
		};
		0DB396D92B80007B00F5A274 /* Resources */ = {
			isa = PBXResourcesBuildPhase;
			buildActionMask = 2147483647;
			files = (
			);
			runOnlyForDeploymentPostprocessing = 0;
		};
/* End PBXResourcesBuildPhase section */

/* Begin PBXSourcesBuildPhase section */
		0DB396BD2B80007900F5A274 /* Sources */ = {
			isa = PBXSourcesBuildPhase;
			buildActionMask = 2147483647;
			files = (
				0DB396C72B80007900F5A274 /* ContentView.swift in Sources */,
				0DB396C52B80007900F5A274 /* swiftLearningApp.swift in Sources */,
			);
			runOnlyForDeploymentPostprocessing = 0;
		};
		0DB396CD2B80007B00F5A274 /* Sources */ = {
			isa = PBXSourcesBuildPhase;
			buildActionMask = 2147483647;
			files = (
				0DB396D62B80007B00F5A274 /* swiftLearningTests.swift in Sources */,
			);
			runOnlyForDeploymentPostprocessing = 0;
		};
		0DB396D72B80007B00F5A274 /* Sources */ = {
			isa = PBXSourcesBuildPhase;
			buildActionMask = 2147483647;
			files = (
				0DB396E22B80007B00F5A274 /* swiftLearningUITestsLaunchTests.swift in Sources */,
				0DB396E02B80007B00F5A274 /* swiftLearningUITests.swift in Sources */,
			);
			runOnlyForDeploymentPostprocessing = 0;
		};
/* End PBXSourcesBuildPhase section */

/* Begin PBXTargetDependency section */
		0DB396D32B80007B00F5A274 /* PBXTargetDependency */ = {
			isa = PBXTargetDependency;
			target = 0DB396C02B80007900F5A274 /* swiftLearning */;
			targetProxy = 0DB396D22B80007B00F5A274 /* PBXContainerItemProxy */;
		};
		0DB396DD2B80007B00F5A274 /* PBXTargetDependency */ = {
			isa = PBXTargetDependency;
			target = 0DB396C02B80007900F5A274 /* swiftLearning */;
			targetProxy = 0DB396DC2B80007B00F5A274 /* PBXContainerItemProxy */;
		};
/* End PBXTargetDependency section */

/* Begin XCBuildConfiguration section */
		0DB396E32B80007B00F5A274 /* Debug */ = {
			isa = XCBuildConfiguration;
			buildSettings = {
				ALWAYS_SEARCH_USER_PATHS = NO;
				ASSETCATALOG_COMPILER_GENERATE_SWIFT_ASSET_SYMBOL_EXTENSIONS = YES;
				CLANG_ANALYZER_NONNULL = YES;
				CLANG_ANALYZER_NUMBER_OBJECT_CONVERSION = YES_AGGRESSIVE;
				CLANG_CXX_LANGUAGE_STANDARD = "gnu++20";
				CLANG_ENABLE_MODULES = YES;
				CLANG_ENABLE_OBJC_ARC = YES;
				CLANG_ENABLE_OBJC_WEAK = YES;
				CLANG_WARN_BLOCK_CAPTURE_AUTORELEASING = YES;
				CLANG_WARN_BOOL_CONVERSION = YES;
				CLANG_WARN_COMMA = YES;
				CLANG_WARN_CONSTANT_CONVERSION = YES;
				CLANG_WARN_DEPRECATED_OBJC_IMPLEMENTATIONS = YES;
				CLANG_WARN_DIRECT_OBJC_ISA_USAGE = YES_ERROR;
				CLANG_WARN_DOCUMENTATION_COMMENTS = YES;
				CLANG_WARN_EMPTY_BODY = YES;
				CLANG_WARN_ENUM_CONVERSION = YES;
				CLANG_WARN_INFINITE_RECURSION = YES;
				CLANG_WARN_INT_CONVERSION = YES;
				CLANG_WARN_NON_LITERAL_NULL_CONVERSION = YES;
				CLANG_WARN_OBJC_IMPLICIT_RETAIN_SELF = YES;
				CLANG_WARN_OBJC_LITERAL_CONVERSION = YES;
				CLANG_WARN_OBJC_ROOT_CLASS = YES_ERROR;
				CLANG_WARN_QUOTED_INCLUDE_IN_FRAMEWORK_HEADER = YES;
				CLANG_WARN_RANGE_LOOP_ANALYSIS = YES;
				CLANG_WARN_STRICT_PROTOTYPES = YES;
				CLANG_WARN_SUSPICIOUS_MOVE = YES;
				CLANG_WARN_UNGUARDED_AVAILABILITY = YES_AGGRESSIVE;
				CLANG_WARN_UNREACHABLE_CODE = YES;
				CLANG_WARN__DUPLICATE_METHOD_MATCH = YES;
				COPY_PHASE_STRIP = NO;
				DEBUG_INFORMATION_FORMAT = dwarf;
				ENABLE_STRICT_OBJC_MSGSEND = YES;
				ENABLE_TESTABILITY = YES;
				ENABLE_USER_SCRIPT_SANDBOXING = YES;
				GCC_C_LANGUAGE_STANDARD = gnu17;
				GCC_DYNAMIC_NO_PIC = NO;
				GCC_NO_COMMON_BLOCKS = YES;
				GCC_OPTIMIZATION_LEVEL = 0;
				GCC_PREPROCESSOR_DEFINITIONS = (
					"DEBUG=1",
					"$(inherited)",
				);
				GCC_WARN_64_TO_32_BIT_CONVERSION = YES;
				GCC_WARN_ABOUT_RETURN_TYPE = YES_ERROR;
				GCC_WARN_UNDECLARED_SELECTOR = YES;
				GCC_WARN_UNINITIALIZED_AUTOS = YES_AGGRESSIVE;
				GCC_WARN_UNUSED_FUNCTION = YES;
				GCC_WARN_UNUSED_VARIABLE = YES;
				IPHONEOS_DEPLOYMENT_TARGET = 17.2;
				LOCALIZATION_PREFERS_STRING_CATALOGS = YES;
				MTL_ENABLE_DEBUG_INFO = INCLUDE_SOURCE;
				MTL_FAST_MATH = YES;
				ONLY_ACTIVE_ARCH = YES;
				SDKROOT = iphoneos;
				SWIFT_ACTIVE_COMPILATION_CONDITIONS = "DEBUG $(inherited)";
				SWIFT_OPTIMIZATION_LEVEL = "-Onone";
			};
			name = Debug;
		};
		0DB396E42B80007B00F5A274 /* Release */ = {
			isa = XCBuildConfiguration;
			buildSettings = {
				ALWAYS_SEARCH_USER_PATHS = NO;
				ASSETCATALOG_COMPILER_GENERATE_SWIFT_ASSET_SYMBOL_EXTENSIONS = YES;
				CLANG_ANALYZER_NONNULL = YES;
				CLANG_ANALYZER_NUMBER_OBJECT_CONVERSION = YES_AGGRESSIVE;
				CLANG_CXX_LANGUAGE_STANDARD = "gnu++20";
				CLANG_ENABLE_MODULES = YES;
				CLANG_ENABLE_OBJC_ARC = YES;
				CLANG_ENABLE_OBJC_WEAK = YES;
				CLANG_WARN_BLOCK_CAPTURE_AUTORELEASING = YES;
				CLANG_WARN_BOOL_CONVERSION = YES;
				CLANG_WARN_COMMA = YES;
				CLANG_WARN_CONSTANT_CONVERSION = YES;
				CLANG_WARN_DEPRECATED_OBJC_IMPLEMENTATIONS = YES;
				CLANG_WARN_DIRECT_OBJC_ISA_USAGE = YES_ERROR;
				CLANG_WARN_DOCUMENTATION_COMMENTS = YES;
				CLANG_WARN_EMPTY_BODY = YES;
				CLANG_WARN_ENUM_CONVERSION = YES;
				CLANG_WARN_INFINITE_RECURSION = YES;
				CLANG_WARN_INT_CONVERSION = YES;
				CLANG_WARN_NON_LITERAL_NULL_CONVERSION = YES;
				CLANG_WARN_OBJC_IMPLICIT_RETAIN_SELF = YES;
				CLANG_WARN_OBJC_LITERAL_CONVERSION = YES;
				CLANG_WARN_OBJC_ROOT_CLASS = YES_ERROR;
				CLANG_WARN_QUOTED_INCLUDE_IN_FRAMEWORK_HEADER = YES;
				CLANG_WARN_RANGE_LOOP_ANALYSIS = YES;
				CLANG_WARN_STRICT_PROTOTYPES = YES;
				CLANG_WARN_SUSPICIOUS_MOVE = YES;
				CLANG_WARN_UNGUARDED_AVAILABILITY = YES_AGGRESSIVE;
				CLANG_WARN_UNREACHABLE_CODE = YES;
				CLANG_WARN__DUPLICATE_METHOD_MATCH = YES;
				COPY_PHASE_STRIP = NO;
				DEBUG_INFORMATION_FORMAT = "dwarf-with-dsym";
				ENABLE_NS_ASSERTIONS = NO;
				ENABLE_STRICT_OBJC_MSGSEND = YES;
				ENABLE_USER_SCRIPT_SANDBOXING = YES;
				GCC_C_LANGUAGE_STANDARD = gnu17;
				GCC_NO_COMMON_BLOCKS = YES;
				GCC_WARN_64_TO_32_BIT_CONVERSION = YES;
				GCC_WARN_ABOUT_RETURN_TYPE = YES_ERROR;
				GCC_WARN_UNDECLARED_SELECTOR = YES;
				GCC_WARN_UNINITIALIZED_AUTOS = YES_AGGRESSIVE;
				GCC_WARN_UNUSED_FUNCTION = YES;
				GCC_WARN_UNUSED_VARIABLE = YES;
				IPHONEOS_DEPLOYMENT_TARGET = 17.2;
				LOCALIZATION_PREFERS_STRING_CATALOGS = YES;
				MTL_ENABLE_DEBUG_INFO = NO;
				MTL_FAST_MATH = YES;
				SDKROOT = iphoneos;
				SWIFT_COMPILATION_MODE = wholemodule;
				VALIDATE_PRODUCT = YES;
			};
			name = Release;
		};
		0DB396E62B80007B00F5A274 /* Debug */ = {
			isa = XCBuildConfiguration;
			buildSettings = {
				ASSETCATALOG_COMPILER_APPICON_NAME = AppIcon;
				ASSETCATALOG_COMPILER_GLOBAL_ACCENT_COLOR_NAME = AccentColor;
				CODE_SIGN_STYLE = Automatic;
				CURRENT_PROJECT_VERSION = 1;
				DEVELOPMENT_ASSET_PATHS = "\"swiftLearning/Preview Content\"";
				ENABLE_PREVIEWS = YES;
				GENERATE_INFOPLIST_FILE = YES;
				INFOPLIST_KEY_UIApplicationSceneManifest_Generation = YES;
				INFOPLIST_KEY_UIApplicationSupportsIndirectInputEvents = YES;
				INFOPLIST_KEY_UILaunchScreen_Generation = YES;
				INFOPLIST_KEY_UISupportedInterfaceOrientations_iPad = "UIInterfaceOrientationPortrait UIInterfaceOrientationPortraitUpsideDown UIInterfaceOrientationLandscapeLeft UIInterfaceOrientationLandscapeRight";
				INFOPLIST_KEY_UISupportedInterfaceOrientations_iPhone = "UIInterfaceOrientationPortrait UIInterfaceOrientationLandscapeLeft UIInterfaceOrientationLandscapeRight";
				LD_RUNPATH_SEARCH_PATHS = (
					"$(inherited)",
					"@executable_path/Frameworks",
				);
				MARKETING_VERSION = 1.0;
				PRODUCT_BUNDLE_IDENTIFIER = unach.cybercodesquad.swiftLearning;
				PRODUCT_NAME = "$(TARGET_NAME)";
				SWIFT_EMIT_LOC_STRINGS = YES;
				SWIFT_VERSION = 5.0;
				TARGETED_DEVICE_FAMILY = "1,2";
			};
			name = Debug;
		};
		0DB396E72B80007B00F5A274 /* Release */ = {
			isa = XCBuildConfiguration;
			buildSettings = {
				ASSETCATALOG_COMPILER_APPICON_NAME = AppIcon;
				ASSETCATALOG_COMPILER_GLOBAL_ACCENT_COLOR_NAME = AccentColor;
				CODE_SIGN_STYLE = Automatic;
				CURRENT_PROJECT_VERSION = 1;
				DEVELOPMENT_ASSET_PATHS = "\"swiftLearning/Preview Content\"";
				ENABLE_PREVIEWS = YES;
				GENERATE_INFOPLIST_FILE = YES;
				INFOPLIST_KEY_UIApplicationSceneManifest_Generation = YES;
				INFOPLIST_KEY_UIApplicationSupportsIndirectInputEvents = YES;
				INFOPLIST_KEY_UILaunchScreen_Generation = YES;
				INFOPLIST_KEY_UISupportedInterfaceOrientations_iPad = "UIInterfaceOrientationPortrait UIInterfaceOrientationPortraitUpsideDown UIInterfaceOrientationLandscapeLeft UIInterfaceOrientationLandscapeRight";
				INFOPLIST_KEY_UISupportedInterfaceOrientations_iPhone = "UIInterfaceOrientationPortrait UIInterfaceOrientationLandscapeLeft UIInterfaceOrientationLandscapeRight";
				LD_RUNPATH_SEARCH_PATHS = (
					"$(inherited)",
					"@executable_path/Frameworks",
				);
				MARKETING_VERSION = 1.0;
				PRODUCT_BUNDLE_IDENTIFIER = unach.cybercodesquad.swiftLearning;
				PRODUCT_NAME = "$(TARGET_NAME)";
				SWIFT_EMIT_LOC_STRINGS = YES;
				SWIFT_VERSION = 5.0;
				TARGETED_DEVICE_FAMILY = "1,2";
			};
			name = Release;
		};
		0DB396E92B80007B00F5A274 /* Debug */ = {
			isa = XCBuildConfiguration;
			buildSettings = {
				ALWAYS_EMBED_SWIFT_STANDARD_LIBRARIES = YES;
				BUNDLE_LOADER = "$(TEST_HOST)";
				CODE_SIGN_STYLE = Automatic;
				CURRENT_PROJECT_VERSION = 1;
				GENERATE_INFOPLIST_FILE = YES;
				IPHONEOS_DEPLOYMENT_TARGET = 17.2;
				MARKETING_VERSION = 1.0;
				PRODUCT_BUNDLE_IDENTIFIER = unach.cybercodesquad.swiftLearningTests;
				PRODUCT_NAME = "$(TARGET_NAME)";
				SWIFT_EMIT_LOC_STRINGS = NO;
				SWIFT_VERSION = 5.0;
				TARGETED_DEVICE_FAMILY = "1,2";
				TEST_HOST = "$(BUILT_PRODUCTS_DIR)/swiftLearning.app/$(BUNDLE_EXECUTABLE_FOLDER_PATH)/swiftLearning";
			};
			name = Debug;
		};
		0DB396EA2B80007B00F5A274 /* Release */ = {
			isa = XCBuildConfiguration;
			buildSettings = {
				ALWAYS_EMBED_SWIFT_STANDARD_LIBRARIES = YES;
				BUNDLE_LOADER = "$(TEST_HOST)";
				CODE_SIGN_STYLE = Automatic;
				CURRENT_PROJECT_VERSION = 1;
				GENERATE_INFOPLIST_FILE = YES;
				IPHONEOS_DEPLOYMENT_TARGET = 17.2;
				MARKETING_VERSION = 1.0;
				PRODUCT_BUNDLE_IDENTIFIER = unach.cybercodesquad.swiftLearningTests;
				PRODUCT_NAME = "$(TARGET_NAME)";
				SWIFT_EMIT_LOC_STRINGS = NO;
				SWIFT_VERSION = 5.0;
				TARGETED_DEVICE_FAMILY = "1,2";
				TEST_HOST = "$(BUILT_PRODUCTS_DIR)/swiftLearning.app/$(BUNDLE_EXECUTABLE_FOLDER_PATH)/swiftLearning";
			};
			name = Release;
		};
		0DB396EC2B80007B00F5A274 /* Debug */ = {
			isa = XCBuildConfiguration;
			buildSettings = {
				ALWAYS_EMBED_SWIFT_STANDARD_LIBRARIES = YES;
				CODE_SIGN_STYLE = Automatic;
				CURRENT_PROJECT_VERSION = 1;
				GENERATE_INFOPLIST_FILE = YES;
				MARKETING_VERSION = 1.0;
				PRODUCT_BUNDLE_IDENTIFIER = unach.cybercodesquad.swiftLearningUITests;
				PRODUCT_NAME = "$(TARGET_NAME)";
				SWIFT_EMIT_LOC_STRINGS = NO;
				SWIFT_VERSION = 5.0;
				TARGETED_DEVICE_FAMILY = "1,2";
				TEST_TARGET_NAME = swiftLearning;
			};
			name = Debug;
		};
		0DB396ED2B80007B00F5A274 /* Release */ = {
			isa = XCBuildConfiguration;
			buildSettings = {
				ALWAYS_EMBED_SWIFT_STANDARD_LIBRARIES = YES;
				CODE_SIGN_STYLE = Automatic;
				CURRENT_PROJECT_VERSION = 1;
				GENERATE_INFOPLIST_FILE = YES;
				MARKETING_VERSION = 1.0;
				PRODUCT_BUNDLE_IDENTIFIER = unach.cybercodesquad.swiftLearningUITests;
				PRODUCT_NAME = "$(TARGET_NAME)";
				SWIFT_EMIT_LOC_STRINGS = NO;
				SWIFT_VERSION = 5.0;
				TARGETED_DEVICE_FAMILY = "1,2";
				TEST_TARGET_NAME = swiftLearning;
			};
			name = Release;
		};
/* End XCBuildConfiguration section */

/* Begin XCConfigurationList section */
		0DB396BC2B80007900F5A274 /* Build configuration list for PBXProject "swiftLearning" */ = {
			isa = XCConfigurationList;
			buildConfigurations = (
				0DB396E32B80007B00F5A274 /* Debug */,
				0DB396E42B80007B00F5A274 /* Release */,
			);
			defaultConfigurationIsVisible = 0;
			defaultConfigurationName = Release;
		};
		0DB396E52B80007B00F5A274 /* Build configuration list for PBXNativeTarget "swiftLearning" */ = {
			isa = XCConfigurationList;
			buildConfigurations = (
				0DB396E62B80007B00F5A274 /* Debug */,
				0DB396E72B80007B00F5A274 /* Release */,
			);
			defaultConfigurationIsVisible = 0;
			defaultConfigurationName = Release;
		};
		0DB396E82B80007B00F5A274 /* Build configuration list for PBXNativeTarget "swiftLearningTests" */ = {
			isa = XCConfigurationList;
			buildConfigurations = (
				0DB396E92B80007B00F5A274 /* Debug */,
				0DB396EA2B80007B00F5A274 /* Release */,
			);
			defaultConfigurationIsVisible = 0;
			defaultConfigurationName = Release;
		};
		0DB396EB2B80007B00F5A274 /* Build configuration list for PBXNativeTarget "swiftLearningUITests" */ = {
			isa = XCConfigurationList;
			buildConfigurations = (
				0DB396EC2B80007B00F5A274 /* Debug */,
				0DB396ED2B80007B00F5A274 /* Release */,
			);
			defaultConfigurationIsVisible = 0;
			defaultConfigurationName = Release;
		};
/* End XCConfigurationList section */
	};
	rootObject = 0DB396B92B80007900F5A274 /* Project object */;
}
